{
  "nodes": {
    "flake-utils": {
      "inputs": {
        "systems": "systems"
      },
      "locked": {
        "lastModified": 1681202837,
        "narHash": "sha256-H+Rh19JDwRtpVPAWp64F+rlEtxUWBAQW28eAi3SRSzg=",
        "owner": "numtide",
        "repo": "flake-utils",
        "rev": "cfacdce06f30d2b68473a46042957675eebb3401",
        "type": "github"
      },
      "original": {
        "owner": "numtide",
        "repo": "flake-utils",
        "type": "github"
      }
    },
    "flake-utils_2": {
      "locked": {
        "lastModified": 1667395993,
        "narHash": "sha256-nuEHfE/LcWyuSWnS8t12N1wc105Qtau+/OdUAjtQ0rA=",
        "owner": "numtide",
        "repo": "flake-utils",
        "rev": "5aed5285a952e0b949eb3ba02c12fa4fcfef535f",
        "type": "github"
      },
      "original": {
        "owner": "numtide",
        "repo": "flake-utils",
        "type": "github"
      }
    },
    "fzf-tab": {
      "flake": false,
      "locked": {
        "lastModified": 1679190553,
        "narHash": "sha256-dPe5CLCAuuuLGRdRCt/nNruxMrP9f/oddRxERkgm1FE=",
        "owner": "Aloxaf",
        "repo": "fzf-tab",
        "rev": "5a81e13792a1eed4a03d2083771ee6e5b616b9ab",
        "type": "github"
      },
      "original": {
        "owner": "Aloxaf",
        "repo": "fzf-tab",
        "type": "github"
      }
    },
    "nixpkgs": {
      "locked": {
        "lastModified": 1681932375,
        "narHash": "sha256-tSXbYmpnKSSWpzOrs27ie8X3I0yqKA6AuCzCYNtwbCU=",
        "owner": "nixos",
        "repo": "nixpkgs",
        "rev": "3d302c67ab8647327dba84fbdb443cdbf0e82744",
        "type": "github"
      },
      "original": {
        "owner": "nixos",
        "ref": "nixos-22.11",
        "repo": "nixpkgs",
        "type": "github"
      }
    },
    "nixpkgs_2": {
      "locked": {
        "lastModified": 1668650906,
        "narHash": "sha256-JuiYfDO23O8oxUUOmhQflmOoJovyC5G4RjcYQMQjrRE=",
        "owner": "nixos",
        "repo": "nixpkgs",
        "rev": "3a86856a13c88c8c64ea32082a851fefc79aa700",
        "type": "github"
      },
      "original": {
        "owner": "nixos",
        "repo": "nixpkgs",
        "type": "github"
      }
    },
    "root": {
      "inputs": {
        "flake-utils": "flake-utils",
        "nixpkgs": "nixpkgs",
        "shell-utils": "shell-utils"
      }
    },
    "shell-utils": {
      "inputs": {
        "flake-utils": "flake-utils_2",
        "fzf-tab": "fzf-tab",
        "nixpkgs": "nixpkgs_2"
      },
      "locked": {
        "lastModified": 1681152101,
        "narHash": "sha256-fXuO2AwFGULtaKmjyKvgLS5VqwVSNeqXKsFHOjlBGjE=",
        "owner": "waltermoreira",
        "repo": "shell-utils",
        "rev": "4b77d5c254724e3b938b2a7628af3409eaf9e8c8",
        "type": "github"
      },
      "original": {
        "owner": "waltermoreira",
        "repo": "shell-utils",
        "type": "github"
      }
    },
    "systems": {
      "locked": {
        "lastModified": 1681028828,
        "narHash": "sha256-Vy1rq5AaRuLzOxct8nz4T6wlgyUR7zLU309k9mBC768=",
        "owner": "nix-systems",
        "repo": "default",
        "rev": "da67096a3b9bf56a91d16901293e51ba5b49a27e",
        "type": "github"
      },
      "original": {
        "owner": "nix-systems",
        "repo": "default",
        "type": "github"
      }
    }
  },
  "root": "root",
  "version": 7
}
